
Microsoft Visual Studio Solution File, Format Version 12.00
# Visual Studio Version 17
VisualStudioVersion = 17.4.33213.308
MinimumVisualStudioVersion = 10.0.40219.1
Project("{FAE04EC0-301F-11D3-BF4B-00C04F79EFBC}") = "DB_Ciudad", "DB_Ciudad\DB_Ciudad.csproj", "{C0A66787-EF80-4071-AB89-21F90166DE31}"
EndProject
Global
	GlobalSection(SolutionConfigurationPlatforms) = preSolution
		Debug|Any CPU = Debug|Any CPU
		Release|Any CPU = Release|Any CPU
	EndGlobalSection
	GlobalSection(ProjectConfigurationPlatforms) = postSolution
		{C0A66787-EF80-4071-AB89-21F90166DE31}.Debug|Any CPU.ActiveCfg = Debug|Any CPU
		{C0A66787-EF80-4071-AB89-21F90166DE31}.Debug|Any CPU.Build.0 = Debug|Any CPU
		{C0A66787-EF80-4071-AB89-21F90166DE31}.Release|Any CPU.ActiveCfg = Release|Any CPU
		{C0A66787-EF80-4071-AB89-21F90166DE31}.Release|Any CPU.Build.0 = Release|Any CPU
	EndGlobalSection
	GlobalSection(SolutionProperties) = preSolution
		HideSolutionNode = FALSE
	EndGlobalSection
	GlobalSection(ExtensibilityGlobals) = postSolution
		SolutionGuid = {069AFD6A-D1D8-46F5-8B09-379C0B93CA8C}
	EndGlobalSection
EndGlobal
